
Microsoft Visual Studio Solution File, Format Version 11.00
# Visual Studio 2010
Project("{FAE04EC0-301F-11D3-BF4B-00C04F79EFBC}") = "xephinherror", "Assembly-CSharp-Editor.csproj", "{9E33359A-AB8A-73C1-65EC-98FB4E03C596}"
EndProject
Global
	GlobalSection(SolutionConfigurationPlatforms) = preSolution
		Debug|Any CPU = Debug|Any CPU
		Release|Any CPU = Release|Any CPU
	EndGlobalSection
	GlobalSection(ProjectConfigurationPlatforms) = postSolution
		{9E33359A-AB8A-73C1-65EC-98FB4E03C596}.Debug|Any CPU.ActiveCfg = Debug|Any CPU
		{9E33359A-AB8A-73C1-65EC-98FB4E03C596}.Debug|Any CPU.Build.0 = Debug|Any CPU
		{9E33359A-AB8A-73C1-65EC-98FB4E03C596}.Release|Any CPU.ActiveCfg = Release|Any CPU
		{9E33359A-AB8A-73C1-65EC-98FB4E03C596}.Release|Any CPU.Build.0 = Release|Any CPU
	EndGlobalSection
	GlobalSection(SolutionProperties) = preSolution
		HideSolutionNode = FALSE
	EndGlobalSection
	GlobalSection(MonoDevelopProperties) = preSolution
		StartupItem = Assembly-CSharp.csproj
	EndGlobalSection
EndGlobal
